
Microsoft Visual Studio Solution File, Format Version 12.00
Project("{FAE04EC0-301F-11D3-BF4B-00C04F79EFBC}") = "FuelTrack.API.Back", "FuelTrack.API.Back\FuelTrack.API.Back.csproj", "{65DAFFE4-9B37-407B-90A0-0780CB01A903}"
EndProject
Global
	GlobalSection(SolutionConfigurationPlatforms) = preSolution
		Debug|Any CPU = Debug|Any CPU
		Release|Any CPU = Release|Any CPU
	EndGlobalSection
	GlobalSection(ProjectConfigurationPlatforms) = postSolution
		{65DAFFE4-9B37-407B-90A0-0780CB01A903}.Debug|Any CPU.ActiveCfg = Debug|Any CPU
		{65DAFFE4-9B37-407B-90A0-0780CB01A903}.Debug|Any CPU.Build.0 = Debug|Any CPU
		{65DAFFE4-9B37-407B-90A0-0780CB01A903}.Release|Any CPU.ActiveCfg = Release|Any CPU
		{65DAFFE4-9B37-407B-90A0-0780CB01A903}.Release|Any CPU.Build.0 = Release|Any CPU
	EndGlobalSection
EndGlobal
